
Microsoft Visual Studio Solution File, Format Version 12.00
# Visual Studio Version 17
VisualStudioVersion = 17.6.33829.357
MinimumVisualStudioVersion = 10.0.40219.1
Project("{FAE04EC0-301F-11D3-BF4B-00C04F79EFBC}") = "WebAppECart", "WebAppECart.csproj", "{B58DF887-6BE8-4D8C-98B0-D0358DBAF33B}"
EndProject
Global
	GlobalSection(SolutionConfigurationPlatforms) = preSolution
		Debug|Any CPU = Debug|Any CPU
		Release|Any CPU = Release|Any CPU
	EndGlobalSection
	GlobalSection(ProjectConfigurationPlatforms) = postSolution
		{B58DF887-6BE8-4D8C-98B0-D0358DBAF33B}.Debug|Any CPU.ActiveCfg = Debug|Any CPU
		{B58DF887-6BE8-4D8C-98B0-D0358DBAF33B}.Debug|Any CPU.Build.0 = Debug|Any CPU
		{B58DF887-6BE8-4D8C-98B0-D0358DBAF33B}.Release|Any CPU.ActiveCfg = Release|Any CPU
		{B58DF887-6BE8-4D8C-98B0-D0358DBAF33B}.Release|Any CPU.Build.0 = Release|Any CPU
	EndGlobalSection
	GlobalSection(SolutionProperties) = preSolution
		HideSolutionNode = FALSE
	EndGlobalSection
	GlobalSection(ExtensibilityGlobals) = postSolution
		SolutionGuid = {E2AD483C-1BFD-493D-AB17-62DD52881F87}
	EndGlobalSection
EndGlobal
